// !$*UTF8*$!
{
	archiveVersion = 1;
	classes = {
	};
	objectVersion = 56;
	objects = {

/* Begin PBXBuildFile section */
		B3F3E2F62B5D2893004A0433 /* AppDelegate.swift in Sources */ = {isa = PBXBuildFile; fileRef = B3F3E2F52B5D2893004A0433 /* AppDelegate.swift */; };
		B3F3E2F82B5D2893004A0433 /* SceneDelegate.swift in Sources */ = {isa = PBXBuildFile; fileRef = B3F3E2F72B5D2893004A0433 /* SceneDelegate.swift */; };
		B3F3E2FA2B5D2893004A0433 /* ViewController.swift in Sources */ = {isa = PBXBuildFile; fileRef = B3F3E2F92B5D2893004A0433 /* ViewController.swift */; };
		B3F3E2FF2B5D2895004A0433 /* Assets.xcassets in Resources */ = {isa = PBXBuildFile; fileRef = B3F3E2FE2B5D2895004A0433 /* Assets.xcassets */; };
		B3F3E3022B5D2895004A0433 /* LaunchScreen.storyboard in Resources */ = {isa = PBXBuildFile; fileRef = B3F3E3002B5D2895004A0433 /* LaunchScreen.storyboard */; };
		B3F3E30B2B5D2A86004A0433 /* SecureView.swift in Sources */ = {isa = PBXBuildFile; fileRef = B3F3E30A2B5D2A86004A0433 /* SecureView.swift */; };
		B3F3E30D2B5D2B35004A0433 /* SecureViewDetector.swift in Sources */ = {isa = PBXBuildFile; fileRef = B3F3E30C2B5D2B35004A0433 /* SecureViewDetector.swift */; };
/* End PBXBuildFile section */

/* Begin PBXFileReference section */
		B3F3E2F22B5D2893004A0433 /* SecureView.app */ = {isa = PBXFileReference; explicitFileType = wrapper.application; includeInIndex = 0; path = SecureView.app; sourceTree = BUILT_PRODUCTS_DIR; };
		B3F3E2F52B5D2893004A0433 /* AppDelegate.swift */ = {isa = PBXFileReference; lastKnownFileType = sourcecode.swift; path = AppDelegate.swift; sourceTree = "<group>"; };
		B3F3E2F72B5D2893004A0433 /* SceneDelegate.swift */ = {isa = PBXFileReference; lastKnownFileType = sourcecode.swift; path = SceneDelegate.swift; sourceTree = "<group>"; };
		B3F3E2F92B5D2893004A0433 /* ViewController.swift */ = {isa = PBXFileReference; lastKnownFileType = sourcecode.swift; path = ViewController.swift; sourceTree = "<group>"; };
		B3F3E2FE2B5D2895004A0433 /* Assets.xcassets */ = {isa = PBXFileReference; lastKnownFileType = folder.assetcatalog; path = Assets.xcassets; sourceTree = "<group>"; };
		B3F3E3012B5D2895004A0433 /* Base */ = {isa = PBXFileReference; lastKnownFileType = file.storyboard; name = Base; path = Base.lproj/LaunchScreen.storyboard; sourceTree = "<group>"; };
		B3F3E3032B5D2895004A0433 /* Info.plist */ = {isa = PBXFileReference; lastKnownFileType = text.plist.xml; path = Info.plist; sourceTree = "<group>"; };
		B3F3E30A2B5D2A86004A0433 /* SecureView.swift */ = {isa = PBXFileReference; lastKnownFileType = sourcecode.swift; path = SecureView.swift; sourceTree = "<group>"; };
		B3F3E30C2B5D2B35004A0433 /* SecureViewDetector.swift */ = {isa = PBXFileReference; lastKnownFileType = sourcecode.swift; path = SecureViewDetector.swift; sourceTree = "<group>"; };
/* End PBXFileReference section */

/* Begin PBXFrameworksBuildPhase section */
		B3F3E2EF2B5D2893004A0433 /* Frameworks */ = {
			isa = PBXFrameworksBuildPhase;
			buildActionMask = 2147483647;
			files = (
			);
			runOnlyForDeploymentPostprocessing = 0;
		};
/* End PBXFrameworksBuildPhase section */

/* Begin PBXGroup section */
		B3F3E2E92B5D2893004A0433 = {
			isa = PBXGroup;
			children = (
				B3F3E2F42B5D2893004A0433 /* SecureView */,
				B3F3E2F32B5D2893004A0433 /* Products */,
			);
			sourceTree = "<group>";
		};
		B3F3E2F32B5D2893004A0433 /* Products */ = {
			isa = PBXGroup;
			children = (
				B3F3E2F22B5D2893004A0433 /* SecureView.app */,
			);
			name = Products;
			sourceTree = "<group>";
		};
		B3F3E2F42B5D2893004A0433 /* SecureView */ = {
			isa = PBXGroup;
			children = (
				B3F3E3092B5D2A60004A0433 /* SecureView */,
				B3F3E2F52B5D2893004A0433 /* AppDelegate.swift */,
				B3F3E2F72B5D2893004A0433 /* SceneDelegate.swift */,
				B3F3E2F92B5D2893004A0433 /* ViewController.swift */,
				B3F3E2FE2B5D2895004A0433 /* Assets.xcassets */,
				B3F3E3002B5D2895004A0433 /* LaunchScreen.storyboard */,
				B3F3E3032B5D2895004A0433 /* Info.plist */,
			);
			path = SecureView;
			sourceTree = "<group>";
		};
		B3F3E3092B5D2A60004A0433 /* SecureView */ = {
			isa = PBXGroup;
			children = (
				B3F3E30A2B5D2A86004A0433 /* SecureView.swift */,
				B3F3E30C2B5D2B35004A0433 /* SecureViewDetector.swift */,
			);
			path = SecureView;
			sourceTree = "<group>";
		};
/* End PBXGroup section */

/* Begin PBXNativeTarget section */
		B3F3E2F12B5D2893004A0433 /* SecureView */ = {
			isa = PBXNativeTarget;
			buildConfigurationList = B3F3E3062B5D2895004A0433 /* Build configuration list for PBXNativeTarget "SecureView" */;
			buildPhases = (
				B3F3E2EE2B5D2893004A0433 /* Sources */,
				B3F3E2EF2B5D2893004A0433 /* Frameworks */,
				B3F3E2F02B5D2893004A0433 /* Resources */,
			);
			buildRules = (
			);
			dependencies = (
			);
			name = SecureView;
			productName = SecureView;
			productReference = B3F3E2F22B5D2893004A0433 /* SecureView.app */;
			productType = "com.apple.product-type.application";
		};
/* End PBXNativeTarget section */

/* Begin PBXProject section */
		B3F3E2EA2B5D2893004A0433 /* Project object */ = {
			isa = PBXProject;
			attributes = {
				BuildIndependentTargetsInParallel = 1;
				LastSwiftUpdateCheck = 1520;
				LastUpgradeCheck = 1520;
				TargetAttributes = {
					B3F3E2F12B5D2893004A0433 = {
						CreatedOnToolsVersion = 15.2;
					};
				};
			};
			buildConfigurationList = B3F3E2ED2B5D2893004A0433 /* Build configuration list for PBXProject "SecureView" */;
			compatibilityVersion = "Xcode 14.0";
			developmentRegion = en;
			hasScannedForEncodings = 0;
			knownRegions = (
				en,
				Base,
			);
			mainGroup = B3F3E2E92B5D2893004A0433;
			productRefGroup = B3F3E2F32B5D2893004A0433 /* Products */;
			projectDirPath = "";
			projectRoot = "";
			targets = (
				B3F3E2F12B5D2893004A0433 /* SecureView */,
			);
		};
/* End PBXProject section */

/* Begin PBXResourcesBuildPhase section */
		B3F3E2F02B5D2893004A0433 /* Resources */ = {
			isa = PBXResourcesBuildPhase;
			buildActionMask = 2147483647;
			files = (
				B3F3E3022B5D2895004A0433 /* LaunchScreen.storyboard in Resources */,
				B3F3E2FF2B5D2895004A0433 /* Assets.xcassets in Resources */,
			);
			runOnlyForDeploymentPostprocessing = 0;
		};
/* End PBXResourcesBuildPhase section */

/* Begin PBXSourcesBuildPhase section */
		B3F3E2EE2B5D2893004A0433 /* Sources */ = {
			isa = PBXSourcesBuildPhase;
			buildActionMask = 2147483647;
			files = (
				B3F3E2FA2B5D2893004A0433 /* ViewController.swift in Sources */,
				B3F3E30B2B5D2A86004A0433 /* SecureView.swift in Sources */,
				B3F3E2F62B5D2893004A0433 /* AppDelegate.swift in Sources */,
				B3F3E30D2B5D2B35004A0433 /* SecureViewDetector.swift in Sources */,
				B3F3E2F82B5D2893004A0433 /* SceneDelegate.swift in Sources */,
			);
			runOnlyForDeploymentPostprocessing = 0;
		};
/* End PBXSourcesBuildPhase section */

/* Begin PBXVariantGroup section */
		B3F3E3002B5D2895004A0433 /* LaunchScreen.storyboard */ = {
			isa = PBXVariantGroup;
			children = (
				B3F3E3012B5D2895004A0433 /* Base */,
			);
			name = LaunchScreen.storyboard;
			sourceTree = "<group>";
		};
/* End PBXVariantGroup section */

/* Begin XCBuildConfiguration section */
		B3F3E3042B5D2895004A0433 /* Debug */ = {
			isa = XCBuildConfiguration;
			buildSettings = {
				ALWAYS_SEARCH_USER_PATHS = NO;
				ASSETCATALOG_COMPILER_GENERATE_SWIFT_ASSET_SYMBOL_EXTENSIONS = YES;
				CLANG_ANALYZER_NONNULL = YES;
				CLANG_ANALYZER_NUMBER_OBJECT_CONVERSION = YES_AGGRESSIVE;
				CLANG_CXX_LANGUAGE_STANDARD = "gnu++20";
				CLANG_ENABLE_MODULES = YES;
				CLANG_ENABLE_OBJC_ARC = YES;
				CLANG_ENABLE_OBJC_WEAK = YES;
				CLANG_WARN_BLOCK_CAPTURE_AUTORELEASING = YES;
				CLANG_WARN_BOOL_CONVERSION = YES;
				CLANG_WARN_COMMA = YES;
				CLANG_WARN_CONSTANT_CONVERSION = YES;
				CLANG_WARN_DEPRECATED_OBJC_IMPLEMENTATIONS = YES;
				CLANG_WARN_DIRECT_OBJC_ISA_USAGE = YES_ERROR;
				CLANG_WARN_DOCUMENTATION_COMMENTS = YES;
				CLANG_WARN_EMPTY_BODY = YES;
				CLANG_WARN_ENUM_CONVERSION = YES;
				CLANG_WARN_INFINITE_RECURSION = YES;
				CLANG_WARN_INT_CONVERSION = YES;
				CLANG_WARN_NON_LITERAL_NULL_CONVERSION = YES;
				CLANG_WARN_OBJC_IMPLICIT_RETAIN_SELF = YES;
				CLANG_WARN_OBJC_LITERAL_CONVERSION = YES;
				CLANG_WARN_OBJC_ROOT_CLASS = YES_ERROR;
				CLANG_WARN_QUOTED_INCLUDE_IN_FRAMEWORK_HEADER = YES;
				CLANG_WARN_RANGE_LOOP_ANALYSIS = YES;
				CLANG_WARN_STRICT_PROTOTYPES = YES;
				CLANG_WARN_SUSPICIOUS_MOVE = YES;
				CLANG_WARN_UNGUARDED_AVAILABILITY = YES_AGGRESSIVE;
				CLANG_WARN_UNREACHABLE_CODE = YES;
				CLANG_WARN__DUPLICATE_METHOD_MATCH = YES;
				COPY_PHASE_STRIP = NO;
				DEBUG_INFORMATION_FORMAT = dwarf;
				ENABLE_STRICT_OBJC_MSGSEND = YES;
				ENABLE_TESTABILITY = YES;
				ENABLE_USER_SCRIPT_SANDBOXING = YES;
				GCC_C_LANGUAGE_STANDARD = gnu17;
				GCC_DYNAMIC_NO_PIC = NO;
				GCC_NO_COMMON_BLOCKS = YES;
				GCC_OPTIMIZATION_LEVEL = 0;
				GCC_PREPROCESSOR_DEFINITIONS = (
					"DEBUG=1",
					"$(inherited)",
				);
				GCC_WARN_64_TO_32_BIT_CONVERSION = YES;
				GCC_WARN_ABOUT_RETURN_TYPE = YES_ERROR;
				GCC_WARN_UNDECLARED_SELECTOR = YES;
				GCC_WARN_UNINITIALIZED_AUTOS = YES_AGGRESSIVE;
				GCC_WARN_UNUSED_FUNCTION = YES;
				GCC_WARN_UNUSED_VARIABLE = YES;
				IPHONEOS_DEPLOYMENT_TARGET = 17.2;
				LOCALIZATION_PREFERS_STRING_CATALOGS = YES;
				MTL_ENABLE_DEBUG_INFO = INCLUDE_SOURCE;
				MTL_FAST_MATH = YES;
				ONLY_ACTIVE_ARCH = YES;
				SDKROOT = iphoneos;
				SWIFT_ACTIVE_COMPILATION_CONDITIONS = "DEBUG $(inherited)";
				SWIFT_OPTIMIZATION_LEVEL = "-Onone";
			};
			name = Debug;
		};
		B3F3E3052B5D2895004A0433 /* Release */ = {
			isa = XCBuildConfiguration;
			buildSettings = {
				ALWAYS_SEARCH_USER_PATHS = NO;
				ASSETCATALOG_COMPILER_GENERATE_SWIFT_ASSET_SYMBOL_EXTENSIONS = YES;
				CLANG_ANALYZER_NONNULL = YES;
				CLANG_ANALYZER_NUMBER_OBJECT_CONVERSION = YES_AGGRESSIVE;
				CLANG_CXX_LANGUAGE_STANDARD = "gnu++20";
				CLANG_ENABLE_MODULES = YES;
				CLANG_ENABLE_OBJC_ARC = YES;
				CLANG_ENABLE_OBJC_WEAK = YES;
				CLANG_WARN_BLOCK_CAPTURE_AUTORELEASING = YES;
				CLANG_WARN_BOOL_CONVERSION = YES;
				CLANG_WARN_COMMA = YES;
				CLANG_WARN_CONSTANT_CONVERSION = YES;
				CLANG_WARN_DEPRECATED_OBJC_IMPLEMENTATIONS = YES;
				CLANG_WARN_DIRECT_OBJC_ISA_USAGE = YES_ERROR;
				CLANG_WARN_DOCUMENTATION_COMMENTS = YES;
				CLANG_WARN_EMPTY_BODY = YES;
				CLANG_WARN_ENUM_CONVERSION = YES;
				CLANG_WARN_INFINITE_RECURSION = YES;
				CLANG_WARN_INT_CONVERSION = YES;
				CLANG_WARN_NON_LITERAL_NULL_CONVERSION = YES;
				CLANG_WARN_OBJC_IMPLICIT_RETAIN_SELF = YES;
				CLANG_WARN_OBJC_LITERAL_CONVERSION = YES;
				CLANG_WARN_OBJC_ROOT_CLASS = YES_ERROR;
				CLANG_WARN_QUOTED_INCLUDE_IN_FRAMEWORK_HEADER = YES;
				CLANG_WARN_RANGE_LOOP_ANALYSIS = YES;
				CLANG_WARN_STRICT_PROTOTYPES = YES;
				CLANG_WARN_SUSPICIOUS_MOVE = YES;
				CLANG_WARN_UNGUARDED_AVAILABILITY = YES_AGGRESSIVE;
				CLANG_WARN_UNREACHABLE_CODE = YES;
				CLANG_WARN__DUPLICATE_METHOD_MATCH = YES;
				COPY_PHASE_STRIP = NO;
				DEBUG_INFORMATION_FORMAT = "dwarf-with-dsym";
				ENABLE_NS_ASSERTIONS = NO;
				ENABLE_STRICT_OBJC_MSGSEND = YES;
				ENABLE_USER_SCRIPT_SANDBOXING = YES;
				GCC_C_LANGUAGE_STANDARD = gnu17;
				GCC_NO_COMMON_BLOCKS = YES;
				GCC_WARN_64_TO_32_BIT_CONVERSION = YES;
				GCC_WARN_ABOUT_RETURN_TYPE = YES_ERROR;
				GCC_WARN_UNDECLARED_SELECTOR = YES;
				GCC_WARN_UNINITIALIZED_AUTOS = YES_AGGRESSIVE;
				GCC_WARN_UNUSED_FUNCTION = YES;
				GCC_WARN_UNUSED_VARIABLE = YES;
				IPHONEOS_DEPLOYMENT_TARGET = 17.2;
				LOCALIZATION_PREFERS_STRING_CATALOGS = YES;
				MTL_ENABLE_DEBUG_INFO = NO;
				MTL_FAST_MATH = YES;
				SDKROOT = iphoneos;
				SWIFT_COMPILATION_MODE = wholemodule;
				VALIDATE_PRODUCT = YES;
			};
			name = Release;
		};
		B3F3E3072B5D2895004A0433 /* Debug */ = {
			isa = XCBuildConfiguration;
			buildSettings = {
				ASSETCATALOG_COMPILER_APPICON_NAME = AppIcon;
				ASSETCATALOG_COMPILER_GLOBAL_ACCENT_COLOR_NAME = AccentColor;
				CODE_SIGN_STYLE = Automatic;
				CURRENT_PROJECT_VERSION = 1;
				DEVELOPMENT_TEAM = ZXFUY459WD;
				GENERATE_INFOPLIST_FILE = YES;
				INFOPLIST_FILE = SecureView/Info.plist;
				INFOPLIST_KEY_UIApplicationSupportsIndirectInputEvents = YES;
				INFOPLIST_KEY_UILaunchStoryboardName = LaunchScreen;
				INFOPLIST_KEY_UISupportedInterfaceOrientations = UIInterfaceOrientationPortrait;
				LD_RUNPATH_SEARCH_PATHS = (
					"$(inherited)",
					"@executable_path/Frameworks",
				);
				MARKETING_VERSION = 1.0;
				PRODUCT_BUNDLE_IDENTIFIER = com.test.secureview.SecureView;
				PRODUCT_NAME = "$(TARGET_NAME)";
				SUPPORTED_PLATFORMS = "iphoneos iphonesimulator";
				SUPPORTS_MACCATALYST = NO;
				SUPPORTS_MAC_DESIGNED_FOR_IPHONE_IPAD = NO;
				SUPPORTS_XR_DESIGNED_FOR_IPHONE_IPAD = NO;
				SWIFT_EMIT_LOC_STRINGS = YES;
				SWIFT_VERSION = 5.0;
				TARGETED_DEVICE_FAMILY = 1;
			};
			name = Debug;
		};
		B3F3E3082B5D2895004A0433 /* Release */ = {
			isa = XCBuildConfiguration;
			buildSettings = {
				ASSETCATALOG_COMPILER_APPICON_NAME = AppIcon;
				ASSETCATALOG_COMPILER_GLOBAL_ACCENT_COLOR_NAME = AccentColor;
				CODE_SIGN_STYLE = Automatic;
				CURRENT_PROJECT_VERSION = 1;
				DEVELOPMENT_TEAM = ZXFUY459WD;
				GENERATE_INFOPLIST_FILE = YES;
				INFOPLIST_FILE = SecureView/Info.plist;
				INFOPLIST_KEY_UIApplicationSupportsIndirectInputEvents = YES;
				INFOPLIST_KEY_UILaunchStoryboardName = LaunchScreen;
				INFOPLIST_KEY_UISupportedInterfaceOrientations = UIInterfaceOrientationPortrait;
				LD_RUNPATH_SEARCH_PATHS = (
					"$(inherited)",
					"@executable_path/Frameworks",
				);
				MARKETING_VERSION = 1.0;
				PRODUCT_BUNDLE_IDENTIFIER = com.test.secureview.SecureView;
				PRODUCT_NAME = "$(TARGET_NAME)";
				SUPPORTED_PLATFORMS = "iphoneos iphonesimulator";
				SUPPORTS_MACCATALYST = NO;
				SUPPORTS_MAC_DESIGNED_FOR_IPHONE_IPAD = NO;
				SUPPORTS_XR_DESIGNED_FOR_IPHONE_IPAD = NO;
				SWIFT_EMIT_LOC_STRINGS = YES;
				SWIFT_VERSION = 5.0;
				TARGETED_DEVICE_FAMILY = 1;
			};
			name = Release;
		};
/* End XCBuildConfiguration section */

/* Begin XCConfigurationList section */
		B3F3E2ED2B5D2893004A0433 /* Build configuration list for PBXProject "SecureView" */ = {
			isa = XCConfigurationList;
			buildConfigurations = (
				B3F3E3042B5D2895004A0433 /* Debug */,
				B3F3E3052B5D2895004A0433 /* Release */,
			);
			defaultConfigurationIsVisible = 0;
			defaultConfigurationName = Release;
		};
		B3F3E3062B5D2895004A0433 /* Build configuration list for PBXNativeTarget "SecureView" */ = {
			isa = XCConfigurationList;
			buildConfigurations = (
				B3F3E3072B5D2895004A0433 /* Debug */,
				B3F3E3082B5D2895004A0433 /* Release */,
			);
			defaultConfigurationIsVisible = 0;
			defaultConfigurationName = Release;
		};
/* End XCConfigurationList section */
	};
	rootObject = B3F3E2EA2B5D2893004A0433 /* Project object */;
}
